
Microsoft Visual Studio Solution File, Format Version 12.00
# Visual Studio Version 16
VisualStudioVersion = 16.0.32630.194
MinimumVisualStudioVersion = 10.0.40219.1
Project("{8BC9CEB8-8B4A-11D0-8D11-00A0C91BC942}") = "WaterDrop", "WaterDrop.vcxproj", "{DC583998-4091-433B-A34C-050746031CB9}"
EndProject
Global
	GlobalSection(SolutionConfigurationPlatforms) = preSolution
		Debug|x64 = Debug|x64
		Debug|x86 = Debug|x86
		Release|x64 = Release|x64
		Release|x86 = Release|x86
	EndGlobalSection
	GlobalSection(ProjectConfigurationPlatforms) = postSolution
		{DC583998-4091-433B-A34C-050746031CB9}.Debug|x64.ActiveCfg = Debug|x64
		{DC583998-4091-433B-A34C-050746031CB9}.Debug|x64.Build.0 = Debug|x64
		{DC583998-4091-433B-A34C-050746031CB9}.Debug|x86.ActiveCfg = Debug|Win32
		{DC583998-4091-433B-A34C-050746031CB9}.Debug|x86.Build.0 = Debug|Win32
		{DC583998-4091-433B-A34C-050746031CB9}.Release|x64.ActiveCfg = Release|x64
		{DC583998-4091-433B-A34C-050746031CB9}.Release|x64.Build.0 = Release|x64
		{DC583998-4091-433B-A34C-050746031CB9}.Release|x86.ActiveCfg = Release|Win32
		{DC583998-4091-433B-A34C-050746031CB9}.Release|x86.Build.0 = Release|Win32
	EndGlobalSection
	GlobalSection(SolutionProperties) = preSolution
		HideSolutionNode = FALSE
	EndGlobalSection
	GlobalSection(ExtensibilityGlobals) = postSolution
		SolutionGuid = {D1BD2CBD-B139-45D4-AC0C-7B8E5CF1FC84}
	EndGlobalSection
EndGlobal
